
Microsoft Visual Studio Solution File, Format Version 12.00
# Visual Studio Version 17
VisualStudioVersion = 17.5.002.0
MinimumVisualStudioVersion = 10.0.40219.1
Project("{9A19103F-16F7-4668-BE54-9A1E7A4F7556}") = "MyBot", "MyBot.csproj", "{19B06C0D-CF96-435E-A90B-4D278A3BB34D}"
EndProject
Global
	GlobalSection(SolutionConfigurationPlatforms) = preSolution
		Debug|Any CPU = Debug|Any CPU
		Release|Any CPU = Release|Any CPU
	EndGlobalSection
	GlobalSection(ProjectConfigurationPlatforms) = postSolution
		{19B06C0D-CF96-435E-A90B-4D278A3BB34D}.Debug|Any CPU.ActiveCfg = Debug|Any CPU
		{19B06C0D-CF96-435E-A90B-4D278A3BB34D}.Debug|Any CPU.Build.0 = Debug|Any CPU
		{19B06C0D-CF96-435E-A90B-4D278A3BB34D}.Release|Any CPU.ActiveCfg = Release|Any CPU
		{19B06C0D-CF96-435E-A90B-4D278A3BB34D}.Release|Any CPU.Build.0 = Release|Any CPU
	EndGlobalSection
	GlobalSection(SolutionProperties) = preSolution
		HideSolutionNode = FALSE
	EndGlobalSection
	GlobalSection(ExtensibilityGlobals) = postSolution
		SolutionGuid = {F2D57CAF-022F-4979-B9EE-E6E8E5017A26}
	EndGlobalSection
EndGlobal
